{
  "requires": true,
  "lockfileVersion": 1,
  "dependencies": {
    "@tensorflow-models/knn-classifier": {
      "version": "1.2.2",
      "resolved": "https://registry.npmjs.org/@tensorflow-models/knn-classifier/-/knn-classifier-1.2.2.tgz",
      "integrity": "sha512-QRnkCf7ErOxSRtvJ6yCwhlLREPcBJGaXRanF46f0iY6ii3Sybjb6Ux0qnNPTrHZChD0izPa3Z4GQEgSAykiHkQ=="
    },
    "@tensorflow-models/mobilenet": {
      "version": "2.1.0",
      "resolved": "https://registry.npmjs.org/@tensorflow-models/mobilenet/-/mobilenet-2.1.0.tgz",
      "integrity": "sha512-JjqT9ijHDFA2FEpUGWg7H2lQ0GrMuE2VmiCRBYmUew6b4JKht8LXDjG5HxZh95YH6c/25sZWTpGeHbquloH+hw=="
    },
    "howler": {
      "version": "2.2.1",
      "resolved": "https://registry.npmjs.org/howler/-/howler-2.2.1.tgz",
      "integrity": "sha512-0iIXvuBO/81CcrQ/HSSweYmbT50fT2mIc9XMFb+kxIfk2pW/iKzDbX1n3fZmDXMEIpYvyyfrB+gXwPYSDqUxIQ=="
    }
  }
}
